
Microsoft Visual Studio Solution File, Format Version 12.00
# Visual Studio Version 16
VisualStudioVersion = 16.0.30621.155
MinimumVisualStudioVersion = 10.0.40219.1
Project("{FAE04EC0-301F-11D3-BF4B-00C04F79EFBC}") = "ReverseProxyExample", "ReverseProxyExample.csproj", "{67CB36FE-B381-4C6B-9A2B-8A6FCBEEE76A}"
EndProject
Global
	GlobalSection(SolutionConfigurationPlatforms) = preSolution
		Debug|Any CPU = Debug|Any CPU
		Release|Any CPU = Release|Any CPU
	EndGlobalSection
	GlobalSection(ProjectConfigurationPlatforms) = postSolution
		{67CB36FE-B381-4C6B-9A2B-8A6FCBEEE76A}.Debug|Any CPU.ActiveCfg = Debug|Any CPU
		{67CB36FE-B381-4C6B-9A2B-8A6FCBEEE76A}.Debug|Any CPU.Build.0 = Debug|Any CPU
		{67CB36FE-B381-4C6B-9A2B-8A6FCBEEE76A}.Release|Any CPU.ActiveCfg = Release|Any CPU
		{67CB36FE-B381-4C6B-9A2B-8A6FCBEEE76A}.Release|Any CPU.Build.0 = Release|Any CPU
	EndGlobalSection
	GlobalSection(SolutionProperties) = preSolution
		HideSolutionNode = FALSE
	EndGlobalSection
	GlobalSection(ExtensibilityGlobals) = postSolution
		SolutionGuid = {C7E8B9E0-A737-4D58-B6C5-455CE23D85A3}
	EndGlobalSection
EndGlobal
